
Microsoft Visual Studio Solution File, Format Version 12.00
# Visual Studio Version 17
VisualStudioVersion = 17.0.31903.59
MinimumVisualStudioVersion = 10.0.40219.1
Project("{2150E333-8FDC-42A3-9474-1A3956D46DE8}") = "src", "src", "{827E0CD3-B72D-47B6-A68D-7590B98EB39B}"
EndProject
Project("{FAE04EC0-301F-11D3-BF4B-00C04F79EFBC}") = "OnlyRag.App", "src\OnlyRag.App\OnlyRag.App.csproj", "{5248AA79-69CD-42CA-8688-685BBE373145}"
EndProject
Project("{FAE04EC0-301F-11D3-BF4B-00C04F79EFBC}") = "OnlyRag.Core", "src\OnlyRag.Core\OnlyRag.Core.csproj", "{90B3B966-6227-47AA-9428-C34C0FE55193}"
EndProject
Project("{FAE04EC0-301F-11D3-BF4B-00C04F79EFBC}") = "OnlyRag.Infrastructure", "src\OnlyRag.Infrastructure\OnlyRag.Infrastructure.csproj", "{491EF73F-8CCE-49A5-8912-1125A470360B}"
EndProject
Project("{FAE04EC0-301F-11D3-BF4B-00C04F79EFBC}") = "OnlyRag.Worker", "src\OnlyRag.Worker\OnlyRag.Worker.csproj", "{92109AA1-85FC-45E7-99C4-E866CA63C135}"
EndProject
Project("{FAE04EC0-301F-11D3-BF4B-00C04F79EFBC}") = "OnlyRag.Api", "src\OnlyRag.Api\OnlyRag.Api.csproj", "{79D0F250-BC1A-42AB-854E-73C383206F9B}"
EndProject
Project("{2150E333-8FDC-42A3-9474-1A3956D46DE8}") = "tests", "tests", "{0AB3BF05-4346-4AA6-1389-037BE0695223}"
EndProject
Project("{FAE04EC0-301F-11D3-BF4B-00C04F79EFBC}") = "OnlyRag.Core.Tests", "tests\OnlyRag.Core.Tests\OnlyRag.Core.Tests.csproj", "{57DC836C-C53D-4A62-93A0-282451C4B82C}"
EndProject
Project("{FAE04EC0-301F-11D3-BF4B-00C04F79EFBC}") = "OnlyRag.Api.Tests", "tests\OnlyRag.Api.Tests\OnlyRag.Api.Tests.csproj", "{8CDDAED3-60C1-4C31-A49F-25D1B0A4AB2D}"
EndProject
Project("{FAE04EC0-301F-11D3-BF4B-00C04F79EFBC}") = "OnlyRag.Infrastructure.Tests", "tests\OnlyRag.Infrastructure.Tests\OnlyRag.Infrastructure.Tests.csproj", "{3ACCC842-93F0-41BC-B929-D87CDCA5EB53}"
EndProject
Project("{FAE04EC0-301F-11D3-BF4B-00C04F79EFBC}") = "OnlyRag.PlaywrightBackendHost", "tests\OnlyRag.PlaywrightBackendHost\OnlyRag.PlaywrightBackendHost.csproj", "{14D999EF-06A1-48C7-BECA-E30F6AC19168}"
EndProject
Global
	GlobalSection(SolutionConfigurationPlatforms) = preSolution
		Debug|Any CPU = Debug|Any CPU
		Debug|x64 = Debug|x64
		Debug|x86 = Debug|x86
		Release|Any CPU = Release|Any CPU
		Release|x64 = Release|x64
		Release|x86 = Release|x86
	EndGlobalSection
	GlobalSection(ProjectConfigurationPlatforms) = postSolution
		{5248AA79-69CD-42CA-8688-685BBE373145}.Debug|Any CPU.ActiveCfg = Debug|Any CPU
		{5248AA79-69CD-42CA-8688-685BBE373145}.Debug|Any CPU.Build.0 = Debug|Any CPU
		{5248AA79-69CD-42CA-8688-685BBE373145}.Debug|x64.ActiveCfg = Debug|Any CPU
		{5248AA79-69CD-42CA-8688-685BBE373145}.Debug|x64.Build.0 = Debug|Any CPU
		{5248AA79-69CD-42CA-8688-685BBE373145}.Debug|x86.ActiveCfg = Debug|Any CPU
		{5248AA79-69CD-42CA-8688-685BBE373145}.Debug|x86.Build.0 = Debug|Any CPU
		{5248AA79-69CD-42CA-8688-685BBE373145}.Release|Any CPU.ActiveCfg = Release|Any CPU
		{5248AA79-69CD-42CA-8688-685BBE373145}.Release|Any CPU.Build.0 = Release|Any CPU
		{5248AA79-69CD-42CA-8688-685BBE373145}.Release|x64.ActiveCfg = Release|Any CPU
		{5248AA79-69CD-42CA-8688-685BBE373145}.Release|x64.Build.0 = Release|Any CPU
		{5248AA79-69CD-42CA-8688-685BBE373145}.Release|x86.ActiveCfg = Release|Any CPU
		{5248AA79-69CD-42CA-8688-685BBE373145}.Release|x86.Build.0 = Release|Any CPU
		{90B3B966-6227-47AA-9428-C34C0FE55193}.Debug|Any CPU.ActiveCfg = Debug|Any CPU
		{90B3B966-6227-47AA-9428-C34C0FE55193}.Debug|Any CPU.Build.0 = Debug|Any CPU
		{90B3B966-6227-47AA-9428-C34C0FE55193}.Debug|x64.ActiveCfg = Debug|Any CPU
		{90B3B966-6227-47AA-9428-C34C0FE55193}.Debug|x64.Build.0 = Debug|Any CPU
		{90B3B966-6227-47AA-9428-C34C0FE55193}.Debug|x86.ActiveCfg = Debug|Any CPU
		{90B3B966-6227-47AA-9428-C34C0FE55193}.Debug|x86.Build.0 = Debug|Any CPU
		{90B3B966-6227-47AA-9428-C34C0FE55193}.Release|Any CPU.ActiveCfg = Release|Any CPU
		{90B3B966-6227-47AA-9428-C34C0FE55193}.Release|Any CPU.Build.0 = Release|Any CPU
		{90B3B966-6227-47AA-9428-C34C0FE55193}.Release|x64.ActiveCfg = Release|Any CPU
		{90B3B966-6227-47AA-9428-C34C0FE55193}.Release|x64.Build.0 = Release|Any CPU
		{90B3B966-6227-47AA-9428-C34C0FE55193}.Release|x86.ActiveCfg = Release|Any CPU
		{90B3B966-6227-47AA-9428-C34C0FE55193}.Release|x86.Build.0 = Release|Any CPU
		{491EF73F-8CCE-49A5-8912-1125A470360B}.Debug|Any CPU.ActiveCfg = Debug|Any CPU
		{491EF73F-8CCE-49A5-8912-1125A470360B}.Debug|Any CPU.Build.0 = Debug|Any CPU
		{491EF73F-8CCE-49A5-8912-1125A470360B}.Debug|x64.ActiveCfg = Debug|Any CPU
		{491EF73F-8CCE-49A5-8912-1125A470360B}.Debug|x64.Build.0 = Debug|Any CPU
		{491EF73F-8CCE-49A5-8912-1125A470360B}.Debug|x86.ActiveCfg = Debug|Any CPU
		{491EF73F-8CCE-49A5-8912-1125A470360B}.Debug|x86.Build.0 = Debug|Any CPU
		{491EF73F-8CCE-49A5-8912-1125A470360B}.Release|Any CPU.ActiveCfg = Release|Any CPU
		{491EF73F-8CCE-49A5-8912-1125A470360B}.Release|Any CPU.Build.0 = Release|Any CPU
		{491EF73F-8CCE-49A5-8912-1125A470360B}.Release|x64.ActiveCfg = Release|Any CPU
		{491EF73F-8CCE-49A5-8912-1125A470360B}.Release|x64.Build.0 = Release|Any CPU
		{491EF73F-8CCE-49A5-8912-1125A470360B}.Release|x86.ActiveCfg = Release|Any CPU
		{491EF73F-8CCE-49A5-8912-1125A470360B}.Release|x86.Build.0 = Release|Any CPU
		{92109AA1-85FC-45E7-99C4-E866CA63C135}.Debug|Any CPU.ActiveCfg = Debug|Any CPU
		{92109AA1-85FC-45E7-99C4-E866CA63C135}.Debug|Any CPU.Build.0 = Debug|Any CPU
		{92109AA1-85FC-45E7-99C4-E866CA63C135}.Debug|x64.ActiveCfg = Debug|Any CPU
		{92109AA1-85FC-45E7-99C4-E866CA63C135}.Debug|x64.Build.0 = Debug|Any CPU
		{92109AA1-85FC-45E7-99C4-E866CA63C135}.Debug|x86.ActiveCfg = Debug|Any CPU
		{92109AA1-85FC-45E7-99C4-E866CA63C135}.Debug|x86.Build.0 = Debug|Any CPU
		{92109AA1-85FC-45E7-99C4-E866CA63C135}.Release|Any CPU.ActiveCfg = Release|Any CPU
		{92109AA1-85FC-45E7-99C4-E866CA63C135}.Release|Any CPU.Build.0 = Release|Any CPU
		{92109AA1-85FC-45E7-99C4-E866CA63C135}.Release|x64.ActiveCfg = Release|Any CPU
		{92109AA1-85FC-45E7-99C4-E866CA63C135}.Release|x64.Build.0 = Release|Any CPU
		{92109AA1-85FC-45E7-99C4-E866CA63C135}.Release|x86.ActiveCfg = Release|Any CPU
		{92109AA1-85FC-45E7-99C4-E866CA63C135}.Release|x86.Build.0 = Release|Any CPU
		{79D0F250-BC1A-42AB-854E-73C383206F9B}.Debug|Any CPU.ActiveCfg = Debug|Any CPU
		{79D0F250-BC1A-42AB-854E-73C383206F9B}.Debug|Any CPU.Build.0 = Debug|Any CPU
		{79D0F250-BC1A-42AB-854E-73C383206F9B}.Debug|x64.ActiveCfg = Debug|Any CPU
		{79D0F250-BC1A-42AB-854E-73C383206F9B}.Debug|x64.Build.0 = Debug|Any CPU
		{79D0F250-BC1A-42AB-854E-73C383206F9B}.Debug|x86.ActiveCfg = Debug|Any CPU
		{79D0F250-BC1A-42AB-854E-73C383206F9B}.Debug|x86.Build.0 = Debug|Any CPU
		{79D0F250-BC1A-42AB-854E-73C383206F9B}.Release|Any CPU.ActiveCfg = Release|Any CPU
		{79D0F250-BC1A-42AB-854E-73C383206F9B}.Release|Any CPU.Build.0 = Release|Any CPU
		{79D0F250-BC1A-42AB-854E-73C383206F9B}.Release|x64.ActiveCfg = Release|Any CPU
		{79D0F250-BC1A-42AB-854E-73C383206F9B}.Release|x64.Build.0 = Release|Any CPU
		{79D0F250-BC1A-42AB-854E-73C383206F9B}.Release|x86.ActiveCfg = Release|Any CPU
		{79D0F250-BC1A-42AB-854E-73C383206F9B}.Release|x86.Build.0 = Release|Any CPU
		{57DC836C-C53D-4A62-93A0-282451C4B82C}.Debug|Any CPU.ActiveCfg = Debug|Any CPU
		{57DC836C-C53D-4A62-93A0-282451C4B82C}.Debug|Any CPU.Build.0 = Debug|Any CPU
		{57DC836C-C53D-4A62-93A0-282451C4B82C}.Debug|x64.ActiveCfg = Debug|Any CPU
		{57DC836C-C53D-4A62-93A0-282451C4B82C}.Debug|x64.Build.0 = Debug|Any CPU
		{57DC836C-C53D-4A62-93A0-282451C4B82C}.Debug|x86.ActiveCfg = Debug|Any CPU
		{57DC836C-C53D-4A62-93A0-282451C4B82C}.Debug|x86.Build.0 = Debug|Any CPU
		{57DC836C-C53D-4A62-93A0-282451C4B82C}.Release|Any CPU.ActiveCfg = Release|Any CPU
		{57DC836C-C53D-4A62-93A0-282451C4B82C}.Release|Any CPU.Build.0 = Release|Any CPU
		{57DC836C-C53D-4A62-93A0-282451C4B82C}.Release|x64.ActiveCfg = Release|Any CPU
		{57DC836C-C53D-4A62-93A0-282451C4B82C}.Release|x64.Build.0 = Release|Any CPU
		{57DC836C-C53D-4A62-93A0-282451C4B82C}.Release|x86.ActiveCfg = Release|Any CPU
		{57DC836C-C53D-4A62-93A0-282451C4B82C}.Release|x86.Build.0 = Release|Any CPU
		{8CDDAED3-60C1-4C31-A49F-25D1B0A4AB2D}.Debug|Any CPU.ActiveCfg = Debug|Any CPU
		{8CDDAED3-60C1-4C31-A49F-25D1B0A4AB2D}.Debug|Any CPU.Build.0 = Debug|Any CPU
		{8CDDAED3-60C1-4C31-A49F-25D1B0A4AB2D}.Debug|x64.ActiveCfg = Debug|Any CPU
		{8CDDAED3-60C1-4C31-A49F-25D1B0A4AB2D}.Debug|x64.Build.0 = Debug|Any CPU
		{8CDDAED3-60C1-4C31-A49F-25D1B0A4AB2D}.Debug|x86.ActiveCfg = Debug|Any CPU
		{8CDDAED3-60C1-4C31-A49F-25D1B0A4AB2D}.Debug|x86.Build.0 = Debug|Any CPU
		{8CDDAED3-60C1-4C31-A49F-25D1B0A4AB2D}.Release|Any CPU.ActiveCfg = Release|Any CPU
		{8CDDAED3-60C1-4C31-A49F-25D1B0A4AB2D}.Release|Any CPU.Build.0 = Release|Any CPU
		{8CDDAED3-60C1-4C31-A49F-25D1B0A4AB2D}.Release|x64.ActiveCfg = Release|Any CPU
		{8CDDAED3-60C1-4C31-A49F-25D1B0A4AB2D}.Release|x64.Build.0 = Release|Any CPU
		{8CDDAED3-60C1-4C31-A49F-25D1B0A4AB2D}.Release|x86.ActiveCfg = Release|Any CPU
		{8CDDAED3-60C1-4C31-A49F-25D1B0A4AB2D}.Release|x86.Build.0 = Release|Any CPU
		{3ACCC842-93F0-41BC-B929-D87CDCA5EB53}.Debug|Any CPU.ActiveCfg = Debug|Any CPU
		{3ACCC842-93F0-41BC-B929-D87CDCA5EB53}.Debug|Any CPU.Build.0 = Debug|Any CPU
		{3ACCC842-93F0-41BC-B929-D87CDCA5EB53}.Debug|x64.ActiveCfg = Debug|Any CPU
		{3ACCC842-93F0-41BC-B929-D87CDCA5EB53}.Debug|x64.Build.0 = Debug|Any CPU
		{3ACCC842-93F0-41BC-B929-D87CDCA5EB53}.Debug|x86.ActiveCfg = Debug|Any CPU
		{3ACCC842-93F0-41BC-B929-D87CDCA5EB53}.Debug|x86.Build.0 = Debug|Any CPU
		{3ACCC842-93F0-41BC-B929-D87CDCA5EB53}.Release|Any CPU.ActiveCfg = Release|Any CPU
		{3ACCC842-93F0-41BC-B929-D87CDCA5EB53}.Release|Any CPU.Build.0 = Release|Any CPU
		{3ACCC842-93F0-41BC-B929-D87CDCA5EB53}.Release|x64.ActiveCfg = Release|Any CPU
		{3ACCC842-93F0-41BC-B929-D87CDCA5EB53}.Release|x64.Build.0 = Release|Any CPU
		{3ACCC842-93F0-41BC-B929-D87CDCA5EB53}.Release|x86.ActiveCfg = Release|Any CPU
		{3ACCC842-93F0-41BC-B929-D87CDCA5EB53}.Release|x86.Build.0 = Release|Any CPU
		{14D999EF-06A1-48C7-BECA-E30F6AC19168}.Debug|Any CPU.ActiveCfg = Debug|Any CPU
		{14D999EF-06A1-48C7-BECA-E30F6AC19168}.Debug|Any CPU.Build.0 = Debug|Any CPU
		{14D999EF-06A1-48C7-BECA-E30F6AC19168}.Debug|x64.ActiveCfg = Debug|Any CPU
		{14D999EF-06A1-48C7-BECA-E30F6AC19168}.Debug|x64.Build.0 = Debug|Any CPU
		{14D999EF-06A1-48C7-BECA-E30F6AC19168}.Debug|x86.ActiveCfg = Debug|Any CPU
		{14D999EF-06A1-48C7-BECA-E30F6AC19168}.Debug|x86.Build.0 = Debug|Any CPU
		{14D999EF-06A1-48C7-BECA-E30F6AC19168}.Release|Any CPU.ActiveCfg = Release|Any CPU
		{14D999EF-06A1-48C7-BECA-E30F6AC19168}.Release|Any CPU.Build.0 = Release|Any CPU
		{14D999EF-06A1-48C7-BECA-E30F6AC19168}.Release|x64.ActiveCfg = Release|Any CPU
		{14D999EF-06A1-48C7-BECA-E30F6AC19168}.Release|x64.Build.0 = Release|Any CPU
		{14D999EF-06A1-48C7-BECA-E30F6AC19168}.Release|x86.ActiveCfg = Release|Any CPU
		{14D999EF-06A1-48C7-BECA-E30F6AC19168}.Release|x86.Build.0 = Release|Any CPU
	EndGlobalSection
	GlobalSection(SolutionProperties) = preSolution
		HideSolutionNode = FALSE
	EndGlobalSection
	GlobalSection(NestedProjects) = preSolution
		{5248AA79-69CD-42CA-8688-685BBE373145} = {827E0CD3-B72D-47B6-A68D-7590B98EB39B}
		{90B3B966-6227-47AA-9428-C34C0FE55193} = {827E0CD3-B72D-47B6-A68D-7590B98EB39B}
		{491EF73F-8CCE-49A5-8912-1125A470360B} = {827E0CD3-B72D-47B6-A68D-7590B98EB39B}
		{92109AA1-85FC-45E7-99C4-E866CA63C135} = {827E0CD3-B72D-47B6-A68D-7590B98EB39B}
		{79D0F250-BC1A-42AB-854E-73C383206F9B} = {827E0CD3-B72D-47B6-A68D-7590B98EB39B}
		{57DC836C-C53D-4A62-93A0-282451C4B82C} = {0AB3BF05-4346-4AA6-1389-037BE0695223}
		{8CDDAED3-60C1-4C31-A49F-25D1B0A4AB2D} = {0AB3BF05-4346-4AA6-1389-037BE0695223}
		{3ACCC842-93F0-41BC-B929-D87CDCA5EB53} = {0AB3BF05-4346-4AA6-1389-037BE0695223}
		{14D999EF-06A1-48C7-BECA-E30F6AC19168} = {0AB3BF05-4346-4AA6-1389-037BE0695223}
	EndGlobalSection
EndGlobal
